
Microsoft Visual Studio Solution File, Format Version 12.00
# Visual Studio Version 17
VisualStudioVersion = 17.5.33516.290
MinimumVisualStudioVersion = 10.0.40219.1
Project("{FAE04EC0-301F-11D3-BF4B-00C04F79EFBC}") = "SerializationScheme", "SerializationScheme\SerializationScheme.csproj", "{CA591088-C6EA-40DB-BC61-5EADFDF375A4}"
EndProject
Global
	GlobalSection(SolutionConfigurationPlatforms) = preSolution
		Debug|Any CPU = Debug|Any CPU
		Release|Any CPU = Release|Any CPU
	EndGlobalSection
	GlobalSection(ProjectConfigurationPlatforms) = postSolution
		{CA591088-C6EA-40DB-BC61-5EADFDF375A4}.Debug|Any CPU.ActiveCfg = Debug|Any CPU
		{CA591088-C6EA-40DB-BC61-5EADFDF375A4}.Debug|Any CPU.Build.0 = Debug|Any CPU
		{CA591088-C6EA-40DB-BC61-5EADFDF375A4}.Release|Any CPU.ActiveCfg = Release|Any CPU
		{CA591088-C6EA-40DB-BC61-5EADFDF375A4}.Release|Any CPU.Build.0 = Release|Any CPU
	EndGlobalSection
	GlobalSection(SolutionProperties) = preSolution
		HideSolutionNode = FALSE
	EndGlobalSection
	GlobalSection(ExtensibilityGlobals) = postSolution
		SolutionGuid = {26052C06-F294-4A68-AFD0-BEB331CC885C}
	EndGlobalSection
EndGlobal
